
Microsoft Visual Studio Solution File, Format Version 12.00
# Visual Studio Version 17
VisualStudioVersion = 17.13.35931.197
MinimumVisualStudioVersion = 10.0.40219.1
Project("{FAE04EC0-301F-11D3-BF4B-00C04F79EFBC}") = "guvenport", "guvenport.csproj", "{B283FC85-E0F8-4EEB-A52F-09044D577487}"
EndProject
Global
	GlobalSection(SolutionConfigurationPlatforms) = preSolution
		Debug|Any CPU = Debug|Any CPU
		Release|Any CPU = Release|Any CPU
	EndGlobalSection
	GlobalSection(ProjectConfigurationPlatforms) = postSolution
		{B283FC85-E0F8-4EEB-A52F-09044D577487}.Debug|Any CPU.ActiveCfg = Debug|Any CPU
		{B283FC85-E0F8-4EEB-A52F-09044D577487}.Debug|Any CPU.Build.0 = Debug|Any CPU
		{B283FC85-E0F8-4EEB-A52F-09044D577487}.Release|Any CPU.ActiveCfg = Release|Any CPU
		{B283FC85-E0F8-4EEB-A52F-09044D577487}.Release|Any CPU.Build.0 = Release|Any CPU
	EndGlobalSection
	GlobalSection(SolutionProperties) = preSolution
		HideSolutionNode = FALSE
	EndGlobalSection
	GlobalSection(ExtensibilityGlobals) = postSolution
		SolutionGuid = {D1EBD9AE-BE18-4D69-9941-1028564D0F38}
	EndGlobalSection
EndGlobal
